# THIS IS AN AUTOGENERATED FILE. DO NOT EDIT THIS FILE DIRECTLY.
# yarn lockfile v1


Base64@~0.1.2:
  version "0.1.4"
  resolved "https://registry.yarnpkg.com/Base64/-/Base64-0.1.4.tgz#e9f6c6bef567fd635ea4162ab14dd329e74aa6de"

base64-js@0.0.2:
  version "0.0.2"
  resolved "https://registry.yarnpkg.com/base64-js/-/base64-js-0.0.2.tgz#024f0f72afa25b75f9c0ee73cd4f55ec1bed9784"

bops@0.0.6:
  version "0.0.6"
  resolved "https://registry.yarnpkg.com/bops/-/bops-0.0.6.tgz#082d1d55fa01e60dbdc2ebc2dba37f659554cf3a"
  dependencies:
    base64-js "0.0.2"
    to-utf8 "0.0.1"

browserify@1:
  version "1.18.0"
  resolved "https://registry.yarnpkg.com/browserify/-/browserify-1.18.0.tgz#b330bdbd82d1db7551fffd6889cfa9a5b6978829"
  dependencies:
    buffer-browserify "~0.0.1"
    coffee-script "1.x.x"
    commondir "~0.0.1"
    console-browserify "~0.1.0"
    crypto-browserify "~0"
    deputy "~0.0.3"
    detective "~0.2.0"
    http-browserify "~0.1.1"
    nub "~0.0.0"
    optimist "~0.3.4"
    resolve "~0.2.0"
    syntax-error "~0.0.0"
    vm-browserify "~0.0.0"

buffer-browserify@~0.0.1:
  version "0.0.5"
  resolved "https://registry.yarnpkg.com/buffer-browserify/-/buffer-browserify-0.0.5.tgz#8aa68631c8a8829c6a4ee7ef9a3ac7f2c31e983e"
  dependencies:
    base64-js "0.0.2"

coffee-script@1, coffee-script@1.x.x:
  version "1.12.7"
  resolved "https://registry.yarnpkg.com/coffee-script/-/coffee-script-1.12.7.tgz#c05dae0cb79591d05b3070a8433a98c9a89ccc53"

commander@~2.13.0:
  version "2.13.0"
  resolved "https://registry.yarnpkg.com/commander/-/commander-2.13.0.tgz#6964bca67685df7c1f1430c584f07d7597885b9c"

commondir@~0.0.1:
  version "0.0.2"
  resolved "https://registry.yarnpkg.com/commondir/-/commondir-0.0.2.tgz#c49c8880c6fe96844bb3525dd2e7314050c389ee"

concat-stream@~1.0.0:
  version "1.0.1"
  resolved "https://registry.yarnpkg.com/concat-stream/-/concat-stream-1.0.1.tgz#018b18bc1c7d073a2dc82aa48442341a2c4dd79f"
  dependencies:
    bops "0.0.6"

connect@1:
  version "1.9.2"
  resolved "https://registry.yarnpkg.com/connect/-/connect-1.9.2.tgz#42880a22e9438ae59a8add74e437f58ae8e52807"
  dependencies:
    formidable "1.0.x"
    mime ">= 0.0.1"
    qs ">= 0.4.0"

console-browserify@~0.1.0:
  version "0.1.6"
  resolved "https://registry.yarnpkg.com/console-browserify/-/console-browserify-0.1.6.tgz#d128a3c0bb88350eb5626c6e7c71a6f0fd48983c"

crypto-browserify@~0:
  version "0.4.0"
  resolved "https://registry.yarnpkg.com/crypto-browserify/-/crypto-browserify-0.4.0.tgz#246f6a337b884c99ffe8bfb085a184aee60c33f3"

deputy@~0.0.3:
  version "0.0.4"
  resolved "https://registry.yarnpkg.com/deputy/-/deputy-0.0.4.tgz#edc00a9ef5c53527c405328534c99795ada41cbf"
  dependencies:
    detective "~0.2.0"
    mkdirp "~0.3.3"

detective@~0.2.0:
  version "0.2.1"
  resolved "https://registry.yarnpkg.com/detective/-/detective-0.2.1.tgz#9ce92601fd223810c29432ad034f8c62d8b8654f"
  dependencies:
    esprima "~0.9.9"

esprima@~0.9.9:
  version "0.9.9"
  resolved "https://registry.yarnpkg.com/esprima/-/esprima-0.9.9.tgz#1b90925c975d632d7282939c3bb9c3a423c30490"

formidable@1.0.x:
  version "1.0.17"
  resolved "https://registry.yarnpkg.com/formidable/-/formidable-1.0.17.tgz#ef5491490f9433b705faa77249c99029ae348559"

http-browserify@~0.1.1:
  version "0.1.14"
  resolved "https://registry.yarnpkg.com/http-browserify/-/http-browserify-0.1.14.tgz#9c8b3f94002204547c7cbe5269afe2ea62f71c7f"
  dependencies:
    Base64 "~0.1.2"
    concat-stream "~1.0.0"

indexof@0.0.1:
  version "0.0.1"
  resolved "https://registry.yarnpkg.com/indexof/-/indexof-0.0.1.tgz#82dc336d232b9062179d05ab3293a66059fd435d"

"mime@>= 0.0.1":
  version "2.2.0"
  resolved "https://registry.yarnpkg.com/mime/-/mime-2.2.0.tgz#161e541965551d3b549fa1114391e3a3d55b923b"

mkdirp@~0.3.3:
  version "0.3.5"
  resolved "https://registry.yarnpkg.com/mkdirp/-/mkdirp-0.3.5.tgz#de3e5f8961c88c787ee1368df849ac4413eca8d7"

nub@~0.0.0:
  version "0.0.0"
  resolved "https://registry.yarnpkg.com/nub/-/nub-0.0.0.tgz#b369bd32bdde66af59605c3b0520bc219dccc04f"

optimist@~0.3.4:
  version "0.3.7"
  resolved "https://registry.yarnpkg.com/optimist/-/optimist-0.3.7.tgz#c90941ad59e4273328923074d2cf2e7cbc6ec0d9"
  dependencies:
    wordwrap "~0.0.2"

"qs@>= 0.4.0":
  version "6.5.1"
  resolved "https://registry.yarnpkg.com/qs/-/qs-6.5.1.tgz#349cdf6eef89ec45c12d7d5eb3fc0c870343a6d8"

resolve@~0.2.0:
  version "0.2.8"
  resolved "https://registry.yarnpkg.com/resolve/-/resolve-0.2.8.tgz#fdb17d4abb0ecaf6f80d67ac03cf290088f6c0d0"

source-map@~0.6.1:
  version "0.6.1"
  resolved "https://registry.yarnpkg.com/source-map/-/source-map-0.6.1.tgz#74722af32e9614e9c287a8d0bbde48b5e2f1a263"

syntax-error@~0.0.0:
  version "0.0.1"
  resolved "https://registry.yarnpkg.com/syntax-error/-/syntax-error-0.0.1.tgz#019d075348cd8c5b79f0603c73e53891a7c5235d"
  dependencies:
    esprima "~0.9.9"

to-utf8@0.0.1:
  version "0.0.1"
  resolved "https://registry.yarnpkg.com/to-utf8/-/to-utf8-0.0.1.tgz#d17aea72ff2fba39b9e43601be7b3ff72e089852"

uglify-js@3:
  version "3.3.9"
  resolved "https://registry.yarnpkg.com/uglify-js/-/uglify-js-3.3.9.tgz#33869666c8ab7f7658ce3d22f0f1ced40097d33a"
  dependencies:
    commander "~2.13.0"
    source-map "~0.6.1"

vm-browserify@~0.0.0:
  version "0.0.4"
  resolved "https://registry.yarnpkg.com/vm-browserify/-/vm-browserify-0.0.4.tgz#5d7ea45bbef9e4a6ff65f95438e0a87c357d5a73"
  dependencies:
    indexof "0.0.1"

wordwrap@~0.0.2:
  version "0.0.3"
  resolved "https://registry.yarnpkg.com/wordwrap/-/wordwrap-0.0.3.tgz#a3d5da6cd5c0bc0008d37234bbaf1bed63059107"
